
Microsoft Visual Studio Solution File, Format Version 12.00
Project("{FAE04EC0-301F-11D3-BF4B-00C04F79EFBC}") = "Boom.Id", "Boom.Id\Boom.Id.csproj", "{056831FF-A6B4-4A91-B97F-2D32B5938B9F}"
EndProject
Project("{FAE04EC0-301F-11D3-BF4B-00C04F79EFBC}") = "Boom.Id.UnitTests", "Boom.Id.UnitTests\Boom.Id.UnitTests.csproj", "{7517B8B4-41ED-4255-87F7-0B1526DEDED1}"
EndProject
Global
	GlobalSection(SolutionConfigurationPlatforms) = preSolution
		Debug|Any CPU = Debug|Any CPU
		Release|Any CPU = Release|Any CPU
	EndGlobalSection
	GlobalSection(ProjectConfigurationPlatforms) = postSolution
		{056831FF-A6B4-4A91-B97F-2D32B5938B9F}.Debug|Any CPU.ActiveCfg = Debug|Any CPU
		{056831FF-A6B4-4A91-B97F-2D32B5938B9F}.Debug|Any CPU.Build.0 = Debug|Any CPU
		{056831FF-A6B4-4A91-B97F-2D32B5938B9F}.Release|Any CPU.ActiveCfg = Release|Any CPU
		{056831FF-A6B4-4A91-B97F-2D32B5938B9F}.Release|Any CPU.Build.0 = Release|Any CPU
		{7517B8B4-41ED-4255-87F7-0B1526DEDED1}.Debug|Any CPU.ActiveCfg = Debug|Any CPU
		{7517B8B4-41ED-4255-87F7-0B1526DEDED1}.Debug|Any CPU.Build.0 = Debug|Any CPU
		{7517B8B4-41ED-4255-87F7-0B1526DEDED1}.Release|Any CPU.ActiveCfg = Release|Any CPU
		{7517B8B4-41ED-4255-87F7-0B1526DEDED1}.Release|Any CPU.Build.0 = Release|Any CPU
	EndGlobalSection
EndGlobal
